
Microsoft Visual Studio Solution File, Format Version 12.00
# Visual Studio 14
VisualStudioVersion = 14.0.24720.0
MinimumVisualStudioVersion = 10.0.40219.1
Project("{FAE04EC0-301F-11D3-BF4B-00C04F79EFBC}") = "AntSimComplexTests", "AntSimComplexTests\AntSimComplexTests.csproj", "{379488DF-6530-48AA-9ACD-7C285377ECD0}"
EndProject
Project("{FAE04EC0-301F-11D3-BF4B-00C04F79EFBC}") = "AntSimComplexAlgorithms", "AntSimComplexAlgorithms\AntSimComplexAlgorithms.csproj", "{C8DAB661-49EA-44CF-8799-E18E70F4B103}"
EndProject
Project("{FAE04EC0-301F-11D3-BF4B-00C04F79EFBC}") = "AntSimComplexUI", "AntSimComplexUI\AntSimComplexUI.csproj", "{D0370C39-12E1-4B0D-9C5F-9B0F4A75A7C7}"
EndProject
Project("{FAE04EC0-301F-11D3-BF4B-00C04F79EFBC}") = "AntSimComplexTspLibItemManager", "AntSimComplexTspLibItemManager\AntSimComplexTspLibItemManager.csproj", "{03F7FBC8-B72B-4322-AFD5-015767BCC1BE}"
EndProject
Global
	GlobalSection(SolutionConfigurationPlatforms) = preSolution
		Debug|Any CPU = Debug|Any CPU
		Release|Any CPU = Release|Any CPU
	EndGlobalSection
	GlobalSection(ProjectConfigurationPlatforms) = postSolution
		{379488DF-6530-48AA-9ACD-7C285377ECD0}.Debug|Any CPU.ActiveCfg = Debug|Any CPU
		{379488DF-6530-48AA-9ACD-7C285377ECD0}.Debug|Any CPU.Build.0 = Debug|Any CPU
		{379488DF-6530-48AA-9ACD-7C285377ECD0}.Release|Any CPU.ActiveCfg = Release|Any CPU
		{379488DF-6530-48AA-9ACD-7C285377ECD0}.Release|Any CPU.Build.0 = Release|Any CPU
		{C8DAB661-49EA-44CF-8799-E18E70F4B103}.Debug|Any CPU.ActiveCfg = Debug|Any CPU
		{C8DAB661-49EA-44CF-8799-E18E70F4B103}.Debug|Any CPU.Build.0 = Debug|Any CPU
		{C8DAB661-49EA-44CF-8799-E18E70F4B103}.Release|Any CPU.ActiveCfg = Release|Any CPU
		{C8DAB661-49EA-44CF-8799-E18E70F4B103}.Release|Any CPU.Build.0 = Release|Any CPU
		{D0370C39-12E1-4B0D-9C5F-9B0F4A75A7C7}.Debug|Any CPU.ActiveCfg = Debug|Any CPU
		{D0370C39-12E1-4B0D-9C5F-9B0F4A75A7C7}.Debug|Any CPU.Build.0 = Debug|Any CPU
		{D0370C39-12E1-4B0D-9C5F-9B0F4A75A7C7}.Release|Any CPU.ActiveCfg = Release|Any CPU
		{D0370C39-12E1-4B0D-9C5F-9B0F4A75A7C7}.Release|Any CPU.Build.0 = Release|Any CPU
		{03F7FBC8-B72B-4322-AFD5-015767BCC1BE}.Debug|Any CPU.ActiveCfg = Debug|Any CPU
		{03F7FBC8-B72B-4322-AFD5-015767BCC1BE}.Debug|Any CPU.Build.0 = Debug|Any CPU
		{03F7FBC8-B72B-4322-AFD5-015767BCC1BE}.Release|Any CPU.ActiveCfg = Release|Any CPU
		{03F7FBC8-B72B-4322-AFD5-015767BCC1BE}.Release|Any CPU.Build.0 = Release|Any CPU
	EndGlobalSection
	GlobalSection(SolutionProperties) = preSolution
		HideSolutionNode = FALSE
	EndGlobalSection
EndGlobal
